
Microsoft Visual Studio Solution File, Format Version 12.00
# Visual Studio Version 16
VisualStudioVersion = 16.0.31424.327
MinimumVisualStudioVersion = 10.0.40219.1
Project("{FAE04EC0-301F-11D3-BF4B-00C04F79EFBC}") = "SortedStorage", "SortedStorage\SortedStorage.csproj", "{C9F1846A-4F35-4845-95BD-4357480DB2DA}"
EndProject
Global
	GlobalSection(SolutionConfigurationPlatforms) = preSolution
		Debug|Any CPU = Debug|Any CPU
		Release|Any CPU = Release|Any CPU
	EndGlobalSection
	GlobalSection(ProjectConfigurationPlatforms) = postSolution
		{C9F1846A-4F35-4845-95BD-4357480DB2DA}.Debug|Any CPU.ActiveCfg = Debug|Any CPU
		{C9F1846A-4F35-4845-95BD-4357480DB2DA}.Debug|Any CPU.Build.0 = Debug|Any CPU
		{C9F1846A-4F35-4845-95BD-4357480DB2DA}.Release|Any CPU.ActiveCfg = Release|Any CPU
		{C9F1846A-4F35-4845-95BD-4357480DB2DA}.Release|Any CPU.Build.0 = Release|Any CPU
	EndGlobalSection
	GlobalSection(SolutionProperties) = preSolution
		HideSolutionNode = FALSE
	EndGlobalSection
	GlobalSection(ExtensibilityGlobals) = postSolution
		SolutionGuid = {1BFD960F-BC01-4113-9402-90472748AC99}
	EndGlobalSection
EndGlobal
